# This file is automatically @generated by Wally.
# It is not intended for manual editing.
registry = "test"

[[package]]
name = "ralph-doria/project-rf-demo"
version = "0.1.0"
dependencies = [["Trove", "sleitnick/trove@1.5.0"]]

[[package]]
name = "sleitnick/trove"
version = "1.5.0"
dependencies = []
